
Microsoft Visual Studio Solution File, Format Version 12.00
# Visual Studio 15
VisualStudioVersion = 15.0.28307.645
MinimumVisualStudioVersion = 10.0.40219.1
Project("{FAE04EC0-301F-11D3-BF4B-00C04F79EFBC}") = "AgentApplication", "AgentApplication\AgentApplication.csproj", "{6278EFE2-68E0-4BE0-B7C0-16034F95D401}"
EndProject
Global
	GlobalSection(SolutionConfigurationPlatforms) = preSolution
		Debug|Any CPU = Debug|Any CPU
		Release|Any CPU = Release|Any CPU
	EndGlobalSection
	GlobalSection(ProjectConfigurationPlatforms) = postSolution
		{6278EFE2-68E0-4BE0-B7C0-16034F95D401}.Debug|Any CPU.ActiveCfg = Debug|Any CPU
		{6278EFE2-68E0-4BE0-B7C0-16034F95D401}.Debug|Any CPU.Build.0 = Debug|Any CPU
		{6278EFE2-68E0-4BE0-B7C0-16034F95D401}.Release|Any CPU.ActiveCfg = Release|Any CPU
		{6278EFE2-68E0-4BE0-B7C0-16034F95D401}.Release|Any CPU.Build.0 = Release|Any CPU
	EndGlobalSection
	GlobalSection(SolutionProperties) = preSolution
		HideSolutionNode = FALSE
	EndGlobalSection
	GlobalSection(ExtensibilityGlobals) = postSolution
		SolutionGuid = {20967536-530E-46FF-BD99-3E584C94FE71}
	EndGlobalSection
EndGlobal
